
Microsoft Visual Studio Solution File, Format Version 12.00
# Visual Studio Version 17
VisualStudioVersion = 17.7.34024.191
MinimumVisualStudioVersion = 10.0.40219.1
Project("{FAE04EC0-301F-11D3-BF4B-00C04F79EFBC}") = "SixBeeAppointments", "SixBeeAppointments\SixBeeAppointments.csproj", "{6D5B1725-7415-4F45-A1F9-CAE4B6C9017C}"
EndProject
Global
	GlobalSection(SolutionConfigurationPlatforms) = preSolution
		Debug|Any CPU = Debug|Any CPU
		Release|Any CPU = Release|Any CPU
	EndGlobalSection
	GlobalSection(ProjectConfigurationPlatforms) = postSolution
		{6D5B1725-7415-4F45-A1F9-CAE4B6C9017C}.Debug|Any CPU.ActiveCfg = Debug|Any CPU
		{6D5B1725-7415-4F45-A1F9-CAE4B6C9017C}.Debug|Any CPU.Build.0 = Debug|Any CPU
		{6D5B1725-7415-4F45-A1F9-CAE4B6C9017C}.Release|Any CPU.ActiveCfg = Release|Any CPU
		{6D5B1725-7415-4F45-A1F9-CAE4B6C9017C}.Release|Any CPU.Build.0 = Release|Any CPU
	EndGlobalSection
	GlobalSection(SolutionProperties) = preSolution
		HideSolutionNode = FALSE
	EndGlobalSection
	GlobalSection(ExtensibilityGlobals) = postSolution
		SolutionGuid = {43167DE8-49E3-4338-9097-C275227F2C27}
	EndGlobalSection
EndGlobal
